// !$*UTF8*$!
{
	archiveVersion = 1;
	classes = {
	};
	objectVersion = 46;
	objects = {

/* Begin PBXBuildFile section */
		49505D92C6ABE1A6FE22FA4E /* Pods_WSUV_TwitterUITests.framework in Frameworks */ = {isa = PBXBuildFile; fileRef = A1DF15991B8CEB9D6DEEE578 /* Pods_WSUV_TwitterUITests.framework */; };
		4FD0B2706F52CBABC621D927 /* Pods_WSUV_Twitter.framework in Frameworks */ = {isa = PBXBuildFile; fileRef = BD0712785C6DED712AB7D105 /* Pods_WSUV_Twitter.framework */; };
		6A2648951E92BC82008981E9 /* AppDelegate.swift in Sources */ = {isa = PBXBuildFile; fileRef = 6A2648941E92BC82008981E9 /* AppDelegate.swift */; };
		6A26489A1E92BC82008981E9 /* Main.storyboard in Resources */ = {isa = PBXBuildFile; fileRef = 6A2648981E92BC82008981E9 /* Main.storyboard */; };
		6A26489C1E92BC82008981E9 /* Assets.xcassets in Resources */ = {isa = PBXBuildFile; fileRef = 6A26489B1E92BC82008981E9 /* Assets.xcassets */; };
		6A26489F1E92BC82008981E9 /* LaunchScreen.storyboard in Resources */ = {isa = PBXBuildFile; fileRef = 6A26489D1E92BC82008981E9 /* LaunchScreen.storyboard */; };
		6A2648AA1E92BC82008981E9 /* WSUV_TwitterTests.swift in Sources */ = {isa = PBXBuildFile; fileRef = 6A2648A91E92BC82008981E9 /* WSUV_TwitterTests.swift */; };
		6A2648B51E92BC82008981E9 /* WSUV_TwitterUITests.swift in Sources */ = {isa = PBXBuildFile; fileRef = 6A2648B41E92BC82008981E9 /* WSUV_TwitterUITests.swift */; };
		6A720EBB1E959C7B004C8DDF /* Security.framework in Frameworks */ = {isa = PBXBuildFile; fileRef = 6A720EBA1E959C7B004C8DDF /* Security.framework */; };
		6A720EC21E959CFC004C8DDF /* SSKeychain.m in Sources */ = {isa = PBXBuildFile; fileRef = 6A720EBF1E959CFC004C8DDF /* SSKeychain.m */; };
		6A720EC31E959CFC004C8DDF /* SSKeychainQuery.m in Sources */ = {isa = PBXBuildFile; fileRef = 6A720EC11E959CFC004C8DDF /* SSKeychainQuery.m */; };
		6A720EC51E96CC35004C8DDF /* Add_Tweet.swift in Sources */ = {isa = PBXBuildFile; fileRef = 6A720EC41E96CC35004C8DDF /* Add_Tweet.swift */; };
		6A720EC71E980EB6004C8DDF /* Tweet.swift in Sources */ = {isa = PBXBuildFile; fileRef = 6A720EC61E980EB6004C8DDF /* Tweet.swift */; };
		6AADEAA01E92DD850091DC67 /* Tweets_Table.swift in Sources */ = {isa = PBXBuildFile; fileRef = 6AADEA9F1E92DD850091DC67 /* Tweets_Table.swift */; };
		9C1E08259662AFD6C75B13A7 /* Pods_WSUV_TwitterTests.framework in Frameworks */ = {isa = PBXBuildFile; fileRef = 57F7F093D7FBCD2EE7E02FB5 /* Pods_WSUV_TwitterTests.framework */; };
/* End PBXBuildFile section */

/* Begin PBXContainerItemProxy section */
		6A2648A61E92BC82008981E9 /* PBXContainerItemProxy */ = {
			isa = PBXContainerItemProxy;
			containerPortal = 6A2648891E92BC82008981E9 /* Project object */;
			proxyType = 1;
			remoteGlobalIDString = 6A2648901E92BC82008981E9;
			remoteInfo = "WSUV-Twitter";
		};
		6A2648B11E92BC82008981E9 /* PBXContainerItemProxy */ = {
			isa = PBXContainerItemProxy;
			containerPortal = 6A2648891E92BC82008981E9 /* Project object */;
			proxyType = 1;
			remoteGlobalIDString = 6A2648901E92BC82008981E9;
			remoteInfo = "WSUV-Twitter";
		};
/* End PBXContainerItemProxy section */

/* Begin PBXFileReference section */
		57F7F093D7FBCD2EE7E02FB5 /* Pods_WSUV_TwitterTests.framework */ = {isa = PBXFileReference; explicitFileType = wrapper.framework; includeInIndex = 0; path = Pods_WSUV_TwitterTests.framework; sourceTree = BUILT_PRODUCTS_DIR; };
		6A2648911E92BC82008981E9 /* WSUV-Twitter.app */ = {isa = PBXFileReference; explicitFileType = wrapper.application; includeInIndex = 0; path = "WSUV-Twitter.app"; sourceTree = BUILT_PRODUCTS_DIR; };
		6A2648941E92BC82008981E9 /* AppDelegate.swift */ = {isa = PBXFileReference; lastKnownFileType = sourcecode.swift; path = AppDelegate.swift; sourceTree = "<group>"; };
		6A2648991E92BC82008981E9 /* Base */ = {isa = PBXFileReference; lastKnownFileType = file.storyboard; name = Base; path = Base.lproj/Main.storyboard; sourceTree = "<group>"; };
		6A26489B1E92BC82008981E9 /* Assets.xcassets */ = {isa = PBXFileReference; lastKnownFileType = folder.assetcatalog; path = Assets.xcassets; sourceTree = "<group>"; };
		6A26489E1E92BC82008981E9 /* Base */ = {isa = PBXFileReference; lastKnownFileType = file.storyboard; name = Base; path = Base.lproj/LaunchScreen.storyboard; sourceTree = "<group>"; };
		6A2648A01E92BC82008981E9 /* Info.plist */ = {isa = PBXFileReference; lastKnownFileType = text.plist.xml; path = Info.plist; sourceTree = "<group>"; };
		6A2648A51E92BC82008981E9 /* WSUV-TwitterTests.xctest */ = {isa = PBXFileReference; explicitFileType = wrapper.cfbundle; includeInIndex = 0; path = "WSUV-TwitterTests.xctest"; sourceTree = BUILT_PRODUCTS_DIR; };
		6A2648A91E92BC82008981E9 /* WSUV_TwitterTests.swift */ = {isa = PBXFileReference; lastKnownFileType = sourcecode.swift; path = WSUV_TwitterTests.swift; sourceTree = "<group>"; };
		6A2648AB1E92BC82008981E9 /* Info.plist */ = {isa = PBXFileReference; lastKnownFileType = text.plist.xml; path = Info.plist; sourceTree = "<group>"; };
		6A2648B01E92BC82008981E9 /* WSUV-TwitterUITests.xctest */ = {isa = PBXFileReference; explicitFileType = wrapper.cfbundle; includeInIndex = 0; path = "WSUV-TwitterUITests.xctest"; sourceTree = BUILT_PRODUCTS_DIR; };
		6A2648B41E92BC82008981E9 /* WSUV_TwitterUITests.swift */ = {isa = PBXFileReference; lastKnownFileType = sourcecode.swift; path = WSUV_TwitterUITests.swift; sourceTree = "<group>"; };
		6A2648B61E92BC82008981E9 /* Info.plist */ = {isa = PBXFileReference; lastKnownFileType = text.plist.xml; path = Info.plist; sourceTree = "<group>"; };
		6A720EBA1E959C7B004C8DDF /* Security.framework */ = {isa = PBXFileReference; lastKnownFileType = wrapper.framework; name = Security.framework; path = System/Library/Frameworks/Security.framework; sourceTree = SDKROOT; };
		6A720EBD1E959CFB004C8DDF /* WSUV-Twitter-Bridging-Header.h */ = {isa = PBXFileReference; lastKnownFileType = sourcecode.c.h; path = "WSUV-Twitter-Bridging-Header.h"; sourceTree = "<group>"; };
		6A720EBE1E959CFC004C8DDF /* SSKeychain.h */ = {isa = PBXFileReference; fileEncoding = 4; lastKnownFileType = sourcecode.c.h; name = SSKeychain.h; path = "../../../../Downloads/sskeychain-master-master/SSKeychain/SSKeychain.h"; sourceTree = "<group>"; };
		6A720EBF1E959CFC004C8DDF /* SSKeychain.m */ = {isa = PBXFileReference; fileEncoding = 4; lastKnownFileType = sourcecode.c.objc; name = SSKeychain.m; path = "../../../../Downloads/sskeychain-master-master/SSKeychain/SSKeychain.m"; sourceTree = "<group>"; };
		6A720EC01E959CFC004C8DDF /* SSKeychainQuery.h */ = {isa = PBXFileReference; fileEncoding = 4; lastKnownFileType = sourcecode.c.h; name = SSKeychainQuery.h; path = "../../../../Downloads/sskeychain-master-master/SSKeychain/SSKeychainQuery.h"; sourceTree = "<group>"; };
		6A720EC11E959CFC004C8DDF /* SSKeychainQuery.m */ = {isa = PBXFileReference; fileEncoding = 4; lastKnownFileType = sourcecode.c.objc; name = SSKeychainQuery.m; path = "../../../../Downloads/sskeychain-master-master/SSKeychain/SSKeychainQuery.m"; sourceTree = "<group>"; };
		6A720EC41E96CC35004C8DDF /* Add_Tweet.swift */ = {isa = PBXFileReference; fileEncoding = 4; lastKnownFileType = sourcecode.swift; path = Add_Tweet.swift; sourceTree = "<group>"; };
		6A720EC61E980EB6004C8DDF /* Tweet.swift */ = {isa = PBXFileReference; fileEncoding = 4; lastKnownFileType = sourcecode.swift; path = Tweet.swift; sourceTree = "<group>"; };
		6AAA830A344E12F270AC1347 /* Pods-WSUV-TwitterUITests.release.xcconfig */ = {isa = PBXFileReference; includeInIndex = 1; lastKnownFileType = text.xcconfig; name = "Pods-WSUV-TwitterUITests.release.xcconfig"; path = "Pods/Target Support Files/Pods-WSUV-TwitterUITests/Pods-WSUV-TwitterUITests.release.xcconfig"; sourceTree = "<group>"; };
		6AADEA9F1E92DD850091DC67 /* Tweets_Table.swift */ = {isa = PBXFileReference; fileEncoding = 4; lastKnownFileType = sourcecode.swift; path = Tweets_Table.swift; sourceTree = "<group>"; };
		85BF3042C24244E340A4B135 /* Pods-WSUV-TwitterTests.debug.xcconfig */ = {isa = PBXFileReference; includeInIndex = 1; lastKnownFileType = text.xcconfig; name = "Pods-WSUV-TwitterTests.debug.xcconfig"; path = "Pods/Target Support Files/Pods-WSUV-TwitterTests/Pods-WSUV-TwitterTests.debug.xcconfig"; sourceTree = "<group>"; };
		A1DF15991B8CEB9D6DEEE578 /* Pods_WSUV_TwitterUITests.framework */ = {isa = PBXFileReference; explicitFileType = wrapper.framework; includeInIndex = 0; path = Pods_WSUV_TwitterUITests.framework; sourceTree = BUILT_PRODUCTS_DIR; };
		A6944A2CA60991A5BE8EB8B1 /* Pods-WSUV-TwitterUITests.debug.xcconfig */ = {isa = PBXFileReference; includeInIndex = 1; lastKnownFileType = text.xcconfig; name = "Pods-WSUV-TwitterUITests.debug.xcconfig"; path = "Pods/Target Support Files/Pods-WSUV-TwitterUITests/Pods-WSUV-TwitterUITests.debug.xcconfig"; sourceTree = "<group>"; };
		BD0712785C6DED712AB7D105 /* Pods_WSUV_Twitter.framework */ = {isa = PBXFileReference; explicitFileType = wrapper.framework; includeInIndex = 0; path = Pods_WSUV_Twitter.framework; sourceTree = BUILT_PRODUCTS_DIR; };
		D04F7BB7A6DDA51F9752E522 /* Pods-WSUV-TwitterTests.release.xcconfig */ = {isa = PBXFileReference; includeInIndex = 1; lastKnownFileType = text.xcconfig; name = "Pods-WSUV-TwitterTests.release.xcconfig"; path = "Pods/Target Support Files/Pods-WSUV-TwitterTests/Pods-WSUV-TwitterTests.release.xcconfig"; sourceTree = "<group>"; };
		F167ACC4DA9473FA92041CCA /* Pods-WSUV-Twitter.debug.xcconfig */ = {isa = PBXFileReference; includeInIndex = 1; lastKnownFileType = text.xcconfig; name = "Pods-WSUV-Twitter.debug.xcconfig"; path = "Pods/Target Support Files/Pods-WSUV-Twitter/Pods-WSUV-Twitter.debug.xcconfig"; sourceTree = "<group>"; };
		F2BCFC042A80C37F15213A62 /* Pods-WSUV-Twitter.release.xcconfig */ = {isa = PBXFileReference; includeInIndex = 1; lastKnownFileType = text.xcconfig; name = "Pods-WSUV-Twitter.release.xcconfig"; path = "Pods/Target Support Files/Pods-WSUV-Twitter/Pods-WSUV-Twitter.release.xcconfig"; sourceTree = "<group>"; };
/* End PBXFileReference section */

/* Begin PBXFrameworksBuildPhase section */
		6A26488E1E92BC82008981E9 /* Frameworks */ = {
			isa = PBXFrameworksBuildPhase;
			buildActionMask = 2147483647;
			files = (
				6A720EBB1E959C7B004C8DDF /* Security.framework in Frameworks */,
				4FD0B2706F52CBABC621D927 /* Pods_WSUV_Twitter.framework in Frameworks */,
			);
			runOnlyForDeploymentPostprocessing = 0;
		};
		6A2648A21E92BC82008981E9 /* Frameworks */ = {
			isa = PBXFrameworksBuildPhase;
			buildActionMask = 2147483647;
			files = (
				9C1E08259662AFD6C75B13A7 /* Pods_WSUV_TwitterTests.framework in Frameworks */,
			);
			runOnlyForDeploymentPostprocessing = 0;
		};
		6A2648AD1E92BC82008981E9 /* Frameworks */ = {
			isa = PBXFrameworksBuildPhase;
			buildActionMask = 2147483647;
			files = (
				49505D92C6ABE1A6FE22FA4E /* Pods_WSUV_TwitterUITests.framework in Frameworks */,
			);
			runOnlyForDeploymentPostprocessing = 0;
		};
/* End PBXFrameworksBuildPhase section */

/* Begin PBXGroup section */
		320F9851DBC808C3822F3A56 /* Frameworks */ = {
			isa = PBXGroup;
			children = (
				6A720EBA1E959C7B004C8DDF /* Security.framework */,
				BD0712785C6DED712AB7D105 /* Pods_WSUV_Twitter.framework */,
				57F7F093D7FBCD2EE7E02FB5 /* Pods_WSUV_TwitterTests.framework */,
				A1DF15991B8CEB9D6DEEE578 /* Pods_WSUV_TwitterUITests.framework */,
			);
			name = Frameworks;
			sourceTree = "<group>";
		};
		6A2648881E92BC82008981E9 = {
			isa = PBXGroup;
			children = (
				6A2648931E92BC82008981E9 /* WSUV-Twitter */,
				6A2648A81E92BC82008981E9 /* WSUV-TwitterTests */,
				6A2648B31E92BC82008981E9 /* WSUV-TwitterUITests */,
				6A2648921E92BC82008981E9 /* Products */,
				B3B0D86A426A5D8D38215E04 /* Pods */,
				320F9851DBC808C3822F3A56 /* Frameworks */,
			);
			sourceTree = "<group>";
		};
		6A2648921E92BC82008981E9 /* Products */ = {
			isa = PBXGroup;
			children = (
				6A2648911E92BC82008981E9 /* WSUV-Twitter.app */,
				6A2648A51E92BC82008981E9 /* WSUV-TwitterTests.xctest */,
				6A2648B01E92BC82008981E9 /* WSUV-TwitterUITests.xctest */,
			);
			name = Products;
			sourceTree = "<group>";
		};
		6A2648931E92BC82008981E9 /* WSUV-Twitter */ = {
			isa = PBXGroup;
			children = (
				6A720EBC1E959C94004C8DDF /* SSKeychain */,
				6A2648941E92BC82008981E9 /* AppDelegate.swift */,
				6A2648981E92BC82008981E9 /* Main.storyboard */,
				6A720EC41E96CC35004C8DDF /* Add_Tweet.swift */,
				6AADEA9F1E92DD850091DC67 /* Tweets_Table.swift */,
				6A720EC61E980EB6004C8DDF /* Tweet.swift */,
				6A26489B1E92BC82008981E9 /* Assets.xcassets */,
				6A26489D1E92BC82008981E9 /* LaunchScreen.storyboard */,
				6A2648A01E92BC82008981E9 /* Info.plist */,
			);
			path = "WSUV-Twitter";
			sourceTree = "<group>";
		};
		6A2648A81E92BC82008981E9 /* WSUV-TwitterTests */ = {
			isa = PBXGroup;
			children = (
				6A2648A91E92BC82008981E9 /* WSUV_TwitterTests.swift */,
				6A2648AB1E92BC82008981E9 /* Info.plist */,
			);
			path = "WSUV-TwitterTests";
			sourceTree = "<group>";
		};
		6A2648B31E92BC82008981E9 /* WSUV-TwitterUITests */ = {
			isa = PBXGroup;
			children = (
				6A2648B41E92BC82008981E9 /* WSUV_TwitterUITests.swift */,
				6A2648B61E92BC82008981E9 /* Info.plist */,
			);
			path = "WSUV-TwitterUITests";
			sourceTree = "<group>";
		};
		6A720EBC1E959C94004C8DDF /* SSKeychain */ = {
			isa = PBXGroup;
			children = (
				6A720EBE1E959CFC004C8DDF /* SSKeychain.h */,
				6A720EBF1E959CFC004C8DDF /* SSKeychain.m */,
				6A720EC01E959CFC004C8DDF /* SSKeychainQuery.h */,
				6A720EC11E959CFC004C8DDF /* SSKeychainQuery.m */,
				6A720EBD1E959CFB004C8DDF /* WSUV-Twitter-Bridging-Header.h */,
			);
			name = SSKeychain;
			sourceTree = "<group>";
		};
		B3B0D86A426A5D8D38215E04 /* Pods */ = {
			isa = PBXGroup;
			children = (
				F167ACC4DA9473FA92041CCA /* Pods-WSUV-Twitter.debug.xcconfig */,
				F2BCFC042A80C37F15213A62 /* Pods-WSUV-Twitter.release.xcconfig */,
				85BF3042C24244E340A4B135 /* Pods-WSUV-TwitterTests.debug.xcconfig */,
				D04F7BB7A6DDA51F9752E522 /* Pods-WSUV-TwitterTests.release.xcconfig */,
				A6944A2CA60991A5BE8EB8B1 /* Pods-WSUV-TwitterUITests.debug.xcconfig */,
				6AAA830A344E12F270AC1347 /* Pods-WSUV-TwitterUITests.release.xcconfig */,
			);
			name = Pods;
			sourceTree = "<group>";
		};
/* End PBXGroup section */

/* Begin PBXNativeTarget section */
		6A2648901E92BC82008981E9 /* WSUV-Twitter */ = {
			isa = PBXNativeTarget;
			buildConfigurationList = 6A2648B91E92BC82008981E9 /* Build configuration list for PBXNativeTarget "WSUV-Twitter" */;
			buildPhases = (
				99E4D0523DAF567BA2B87245 /* [CP] Check Pods Manifest.lock */,
				6A26488D1E92BC82008981E9 /* Sources */,
				6A26488E1E92BC82008981E9 /* Frameworks */,
				6A26488F1E92BC82008981E9 /* Resources */,
				1B2B29413823E1D8FE17CEE6 /* [CP] Embed Pods Frameworks */,
				54F1AADB5B16CEDBCE65FF13 /* [CP] Copy Pods Resources */,
			);
			buildRules = (
			);
			dependencies = (
			);
			name = "WSUV-Twitter";
			productName = "WSUV-Twitter";
			productReference = 6A2648911E92BC82008981E9 /* WSUV-Twitter.app */;
			productType = "com.apple.product-type.application";
		};
		6A2648A41E92BC82008981E9 /* WSUV-TwitterTests */ = {
			isa = PBXNativeTarget;
			buildConfigurationList = 6A2648BC1E92BC82008981E9 /* Build configuration list for PBXNativeTarget "WSUV-TwitterTests" */;
			buildPhases = (
				8ECAD5610F264BACFC162317 /* [CP] Check Pods Manifest.lock */,
				6A2648A11E92BC82008981E9 /* Sources */,
				6A2648A21E92BC82008981E9 /* Frameworks */,
				6A2648A31E92BC82008981E9 /* Resources */,
				87729B6DE616E8B6A9A6415F /* [CP] Embed Pods Frameworks */,
				93E530806376D1AE1021244E /* [CP] Copy Pods Resources */,
			);
			buildRules = (
			);
			dependencies = (
				6A2648A71E92BC82008981E9 /* PBXTargetDependency */,
			);
			name = "WSUV-TwitterTests";
			productName = "WSUV-TwitterTests";
			productReference = 6A2648A51E92BC82008981E9 /* WSUV-TwitterTests.xctest */;
			productType = "com.apple.product-type.bundle.unit-test";
		};
		6A2648AF1E92BC82008981E9 /* WSUV-TwitterUITests */ = {
			isa = PBXNativeTarget;
			buildConfigurationList = 6A2648BF1E92BC82008981E9 /* Build configuration list for PBXNativeTarget "WSUV-TwitterUITests" */;
			buildPhases = (
				8FBFFD814486DDAF4A6C96E0 /* [CP] Check Pods Manifest.lock */,
				6A2648AC1E92BC82008981E9 /* Sources */,
				6A2648AD1E92BC82008981E9 /* Frameworks */,
				6A2648AE1E92BC82008981E9 /* Resources */,
				F946C3FC3CAE9E877B77E99D /* [CP] Embed Pods Frameworks */,
				0530E77517A9513DFE7AA871 /* [CP] Copy Pods Resources */,
			);
			buildRules = (
			);
			dependencies = (
				6A2648B21E92BC82008981E9 /* PBXTargetDependency */,
			);
			name = "WSUV-TwitterUITests";
			productName = "WSUV-TwitterUITests";
			productReference = 6A2648B01E92BC82008981E9 /* WSUV-TwitterUITests.xctest */;
			productType = "com.apple.product-type.bundle.ui-testing";
		};
/* End PBXNativeTarget section */

/* Begin PBXProject section */
		6A2648891E92BC82008981E9 /* Project object */ = {
			isa = PBXProject;
			attributes = {
				LastSwiftUpdateCheck = 0820;
				LastUpgradeCheck = 0820;
				ORGANIZATIONNAME = "David Ciupei";
				TargetAttributes = {
					6A2648901E92BC82008981E9 = {
						CreatedOnToolsVersion = 8.2.1;
						LastSwiftMigration = 0830;
						ProvisioningStyle = Automatic;
					};
					6A2648A41E92BC82008981E9 = {
						CreatedOnToolsVersion = 8.2.1;
						ProvisioningStyle = Automatic;
						TestTargetID = 6A2648901E92BC82008981E9;
					};
					6A2648AF1E92BC82008981E9 = {
						CreatedOnToolsVersion = 8.2.1;
						ProvisioningStyle = Automatic;
						TestTargetID = 6A2648901E92BC82008981E9;
					};
				};
			};
			buildConfigurationList = 6A26488C1E92BC82008981E9 /* Build configuration list for PBXProject "WSUV-Twitter" */;
			compatibilityVersion = "Xcode 3.2";
			developmentRegion = English;
			hasScannedForEncodings = 0;
			knownRegions = (
				en,
				Base,
			);
			mainGroup = 6A2648881E92BC82008981E9;
			productRefGroup = 6A2648921E92BC82008981E9 /* Products */;
			projectDirPath = "";
			projectRoot = "";
			targets = (
				6A2648901E92BC82008981E9 /* WSUV-Twitter */,
				6A2648A41E92BC82008981E9 /* WSUV-TwitterTests */,
				6A2648AF1E92BC82008981E9 /* WSUV-TwitterUITests */,
			);
		};
/* End PBXProject section */

/* Begin PBXResourcesBuildPhase section */
		6A26488F1E92BC82008981E9 /* Resources */ = {
			isa = PBXResourcesBuildPhase;
			buildActionMask = 2147483647;
			files = (
				6A26489F1E92BC82008981E9 /* LaunchScreen.storyboard in Resources */,
				6A26489C1E92BC82008981E9 /* Assets.xcassets in Resources */,
				6A26489A1E92BC82008981E9 /* Main.storyboard in Resources */,
			);
			runOnlyForDeploymentPostprocessing = 0;
		};
		6A2648A31E92BC82008981E9 /* Resources */ = {
			isa = PBXResourcesBuildPhase;
			buildActionMask = 2147483647;
			files = (
			);
			runOnlyForDeploymentPostprocessing = 0;
		};
		6A2648AE1E92BC82008981E9 /* Resources */ = {
			isa = PBXResourcesBuildPhase;
			buildActionMask = 2147483647;
			files = (
			);
			runOnlyForDeploymentPostprocessing = 0;
		};
/* End PBXResourcesBuildPhase section */

/* Begin PBXShellScriptBuildPhase section */
		0530E77517A9513DFE7AA871 /* [CP] Copy Pods Resources */ = {
			isa = PBXShellScriptBuildPhase;
			buildActionMask = 2147483647;
			files = (
			);
			inputPaths = (
			);
			name = "[CP] Copy Pods Resources";
			outputPaths = (
			);
			runOnlyForDeploymentPostprocessing = 0;
			shellPath = /bin/sh;
			shellScript = "\"${SRCROOT}/Pods/Target Support Files/Pods-WSUV-TwitterUITests/Pods-WSUV-TwitterUITests-resources.sh\"\n";
			showEnvVarsInLog = 0;
		};
		1B2B29413823E1D8FE17CEE6 /* [CP] Embed Pods Frameworks */ = {
			isa = PBXShellScriptBuildPhase;
			buildActionMask = 2147483647;
			files = (
			);
			inputPaths = (
			);
			name = "[CP] Embed Pods Frameworks";
			outputPaths = (
			);
			runOnlyForDeploymentPostprocessing = 0;
			shellPath = /bin/sh;
			shellScript = "\"${SRCROOT}/Pods/Target Support Files/Pods-WSUV-Twitter/Pods-WSUV-Twitter-frameworks.sh\"\n";
			showEnvVarsInLog = 0;
		};
		54F1AADB5B16CEDBCE65FF13 /* [CP] Copy Pods Resources */ = {
			isa = PBXShellScriptBuildPhase;
			buildActionMask = 2147483647;
			files = (
			);
			inputPaths = (
			);
			name = "[CP] Copy Pods Resources";
			outputPaths = (
			);
			runOnlyForDeploymentPostprocessing = 0;
			shellPath = /bin/sh;
			shellScript = "\"${SRCROOT}/Pods/Target Support Files/Pods-WSUV-Twitter/Pods-WSUV-Twitter-resources.sh\"\n";
			showEnvVarsInLog = 0;
		};
		87729B6DE616E8B6A9A6415F /* [CP] Embed Pods Frameworks */ = {
			isa = PBXShellScriptBuildPhase;
			buildActionMask = 2147483647;
			files = (
			);
			inputPaths = (
			);
			name = "[CP] Embed Pods Frameworks";
			outputPaths = (
			);
			runOnlyForDeploymentPostprocessing = 0;
			shellPath = /bin/sh;
			shellScript = "\"${SRCROOT}/Pods/Target Support Files/Pods-WSUV-TwitterTests/Pods-WSUV-TwitterTests-frameworks.sh\"\n";
			showEnvVarsInLog = 0;
		};
		8ECAD5610F264BACFC162317 /* [CP] Check Pods Manifest.lock */ = {
			isa = PBXShellScriptBuildPhase;
			buildActionMask = 2147483647;
			files = (
			);
			inputPaths = (
			);
			name = "[CP] Check Pods Manifest.lock";
			outputPaths = (
			);
			runOnlyForDeploymentPostprocessing = 0;
			shellPath = /bin/sh;
			shellScript = "diff \"${PODS_ROOT}/../Podfile.lock\" \"${PODS_ROOT}/Manifest.lock\" > /dev/null\nif [ $? != 0 ] ; then\n    # print error to STDERR\n    echo \"error: The sandbox is not in sync with the Podfile.lock. Run 'pod install' or update your CocoaPods installation.\" >&2\n    exit 1\nfi\n";
			showEnvVarsInLog = 0;
		};
		8FBFFD814486DDAF4A6C96E0 /* [CP] Check Pods Manifest.lock */ = {
			isa = PBXShellScriptBuildPhase;
			buildActionMask = 2147483647;
			files = (
			);
			inputPaths = (
			);
			name = "[CP] Check Pods Manifest.lock";
			outputPaths = (
			);
			runOnlyForDeploymentPostprocessing = 0;
			shellPath = /bin/sh;
			shellScript = "diff \"${PODS_ROOT}/../Podfile.lock\" \"${PODS_ROOT}/Manifest.lock\" > /dev/null\nif [ $? != 0 ] ; then\n    # print error to STDERR\n    echo \"error: The sandbox is not in sync with the Podfile.lock. Run 'pod install' or update your CocoaPods installation.\" >&2\n    exit 1\nfi\n";
			showEnvVarsInLog = 0;
		};
		93E530806376D1AE1021244E /* [CP] Copy Pods Resources */ = {
			isa = PBXShellScriptBuildPhase;
			buildActionMask = 2147483647;
			files = (
			);
			inputPaths = (
			);
			name = "[CP] Copy Pods Resources";
			outputPaths = (
			);
			runOnlyForDeploymentPostprocessing = 0;
			shellPath = /bin/sh;
			shellScript = "\"${SRCROOT}/Pods/Target Support Files/Pods-WSUV-TwitterTests/Pods-WSUV-TwitterTests-resources.sh\"\n";
			showEnvVarsInLog = 0;
		};
		99E4D0523DAF567BA2B87245 /* [CP] Check Pods Manifest.lock */ = {
			isa = PBXShellScriptBuildPhase;
			buildActionMask = 2147483647;
			files = (
			);
			inputPaths = (
			);
			name = "[CP] Check Pods Manifest.lock";
			outputPaths = (
			);
			runOnlyForDeploymentPostprocessing = 0;
			shellPath = /bin/sh;
			shellScript = "diff \"${PODS_ROOT}/../Podfile.lock\" \"${PODS_ROOT}/Manifest.lock\" > /dev/null\nif [ $? != 0 ] ; then\n    # print error to STDERR\n    echo \"error: The sandbox is not in sync with the Podfile.lock. Run 'pod install' or update your CocoaPods installation.\" >&2\n    exit 1\nfi\n";
			showEnvVarsInLog = 0;
		};
		F946C3FC3CAE9E877B77E99D /* [CP] Embed Pods Frameworks */ = {
			isa = PBXShellScriptBuildPhase;
			buildActionMask = 2147483647;
			files = (
			);
			inputPaths = (
			);
			name = "[CP] Embed Pods Frameworks";
			outputPaths = (
			);
			runOnlyForDeploymentPostprocessing = 0;
			shellPath = /bin/sh;
			shellScript = "\"${SRCROOT}/Pods/Target Support Files/Pods-WSUV-TwitterUITests/Pods-WSUV-TwitterUITests-frameworks.sh\"\n";
			showEnvVarsInLog = 0;
		};
/* End PBXShellScriptBuildPhase section */

/* Begin PBXSourcesBuildPhase section */
		6A26488D1E92BC82008981E9 /* Sources */ = {
			isa = PBXSourcesBuildPhase;
			buildActionMask = 2147483647;
			files = (
				6A720EC31E959CFC004C8DDF /* SSKeychainQuery.m in Sources */,
				6A720EC21E959CFC004C8DDF /* SSKeychain.m in Sources */,
				6A720EC71E980EB6004C8DDF /* Tweet.swift in Sources */,
				6A720EC51E96CC35004C8DDF /* Add_Tweet.swift in Sources */,
				6A2648951E92BC82008981E9 /* AppDelegate.swift in Sources */,
				6AADEAA01E92DD850091DC67 /* Tweets_Table.swift in Sources */,
			);
			runOnlyForDeploymentPostprocessing = 0;
		};
		6A2648A11E92BC82008981E9 /* Sources */ = {
			isa = PBXSourcesBuildPhase;
			buildActionMask = 2147483647;
			files = (
				6A2648AA1E92BC82008981E9 /* WSUV_TwitterTests.swift in Sources */,
			);
			runOnlyForDeploymentPostprocessing = 0;
		};
		6A2648AC1E92BC82008981E9 /* Sources */ = {
			isa = PBXSourcesBuildPhase;
			buildActionMask = 2147483647;
			files = (
				6A2648B51E92BC82008981E9 /* WSUV_TwitterUITests.swift in Sources */,
			);
			runOnlyForDeploymentPostprocessing = 0;
		};
/* End PBXSourcesBuildPhase section */

/* Begin PBXTargetDependency section */
		6A2648A71E92BC82008981E9 /* PBXTargetDependency */ = {
			isa = PBXTargetDependency;
			target = 6A2648901E92BC82008981E9 /* WSUV-Twitter */;
			targetProxy = 6A2648A61E92BC82008981E9 /* PBXContainerItemProxy */;
		};
		6A2648B21E92BC82008981E9 /* PBXTargetDependency */ = {
			isa = PBXTargetDependency;
			target = 6A2648901E92BC82008981E9 /* WSUV-Twitter */;
			targetProxy = 6A2648B11E92BC82008981E9 /* PBXContainerItemProxy */;
		};
/* End PBXTargetDependency section */

/* Begin PBXVariantGroup section */
		6A2648981E92BC82008981E9 /* Main.storyboard */ = {
			isa = PBXVariantGroup;
			children = (
				6A2648991E92BC82008981E9 /* Base */,
			);
			name = Main.storyboard;
			sourceTree = "<group>";
		};
		6A26489D1E92BC82008981E9 /* LaunchScreen.storyboard */ = {
			isa = PBXVariantGroup;
			children = (
				6A26489E1E92BC82008981E9 /* Base */,
			);
			name = LaunchScreen.storyboard;
			sourceTree = "<group>";
		};
/* End PBXVariantGroup section */

/* Begin XCBuildConfiguration section */
		6A2648B71E92BC82008981E9 /* Debug */ = {
			isa = XCBuildConfiguration;
			buildSettings = {
				ALWAYS_SEARCH_USER_PATHS = NO;
				CLANG_ANALYZER_NONNULL = YES;
				CLANG_CXX_LANGUAGE_STANDARD = "gnu++0x";
				CLANG_CXX_LIBRARY = "libc++";
				CLANG_ENABLE_MODULES = YES;
				CLANG_ENABLE_OBJC_ARC = YES;
				CLANG_WARN_BOOL_CONVERSION = YES;
				CLANG_WARN_CONSTANT_CONVERSION = YES;
				CLANG_WARN_DIRECT_OBJC_ISA_USAGE = YES_ERROR;
				CLANG_WARN_DOCUMENTATION_COMMENTS = YES;
				CLANG_WARN_EMPTY_BODY = YES;
				CLANG_WARN_ENUM_CONVERSION = YES;
				CLANG_WARN_INFINITE_RECURSION = YES;
				CLANG_WARN_INT_CONVERSION = YES;
				CLANG_WARN_OBJC_ROOT_CLASS = YES_ERROR;
				CLANG_WARN_SUSPICIOUS_MOVE = YES;
				CLANG_WARN_UNREACHABLE_CODE = YES;
				CLANG_WARN__DUPLICATE_METHOD_MATCH = YES;
				"CODE_SIGN_IDENTITY[sdk=iphoneos*]" = "iPhone Developer";
				COPY_PHASE_STRIP = NO;
				DEBUG_INFORMATION_FORMAT = dwarf;
				ENABLE_STRICT_OBJC_MSGSEND = YES;
				ENABLE_TESTABILITY = YES;
				GCC_C_LANGUAGE_STANDARD = gnu99;
				GCC_DYNAMIC_NO_PIC = NO;
				GCC_NO_COMMON_BLOCKS = YES;
				GCC_OPTIMIZATION_LEVEL = 0;
				GCC_PREPROCESSOR_DEFINITIONS = (
					"DEBUG=1",
					"$(inherited)",
				);
				GCC_WARN_64_TO_32_BIT_CONVERSION = YES;
				GCC_WARN_ABOUT_RETURN_TYPE = YES_ERROR;
				GCC_WARN_UNDECLARED_SELECTOR = YES;
				GCC_WARN_UNINITIALIZED_AUTOS = YES_AGGRESSIVE;
				GCC_WARN_UNUSED_FUNCTION = YES;
				GCC_WARN_UNUSED_VARIABLE = YES;
				IPHONEOS_DEPLOYMENT_TARGET = 10.2;
				MTL_ENABLE_DEBUG_INFO = YES;
				ONLY_ACTIVE_ARCH = YES;
				SDKROOT = iphoneos;
				SWIFT_ACTIVE_COMPILATION_CONDITIONS = DEBUG;
				SWIFT_OPTIMIZATION_LEVEL = "-Onone";
				TARGETED_DEVICE_FAMILY = "1,2";
			};
			name = Debug;
		};
		6A2648B81E92BC82008981E9 /* Release */ = {
			isa = XCBuildConfiguration;
			buildSettings = {
				ALWAYS_SEARCH_USER_PATHS = NO;
				CLANG_ANALYZER_NONNULL = YES;
				CLANG_CXX_LANGUAGE_STANDARD = "gnu++0x";
				CLANG_CXX_LIBRARY = "libc++";
				CLANG_ENABLE_MODULES = YES;
				CLANG_ENABLE_OBJC_ARC = YES;
				CLANG_WARN_BOOL_CONVERSION = YES;
				CLANG_WARN_CONSTANT_CONVERSION = YES;
				CLANG_WARN_DIRECT_OBJC_ISA_USAGE = YES_ERROR;
				CLANG_WARN_DOCUMENTATION_COMMENTS = YES;
				CLANG_WARN_EMPTY_BODY = YES;
				CLANG_WARN_ENUM_CONVERSION = YES;
				CLANG_WARN_INFINITE_RECURSION = YES;
				CLANG_WARN_INT_CONVERSION = YES;
				CLANG_WARN_OBJC_ROOT_CLASS = YES_ERROR;
				CLANG_WARN_SUSPICIOUS_MOVE = YES;
				CLANG_WARN_UNREACHABLE_CODE = YES;
				CLANG_WARN__DUPLICATE_METHOD_MATCH = YES;
				"CODE_SIGN_IDENTITY[sdk=iphoneos*]" = "iPhone Developer";
				COPY_PHASE_STRIP = NO;
				DEBUG_INFORMATION_FORMAT = "dwarf-with-dsym";
				ENABLE_NS_ASSERTIONS = NO;
				ENABLE_STRICT_OBJC_MSGSEND = YES;
				GCC_C_LANGUAGE_STANDARD = gnu99;
				GCC_NO_COMMON_BLOCKS = YES;
				GCC_WARN_64_TO_32_BIT_CONVERSION = YES;
				GCC_WARN_ABOUT_RETURN_TYPE = YES_ERROR;
				GCC_WARN_UNDECLARED_SELECTOR = YES;
				GCC_WARN_UNINITIALIZED_AUTOS = YES_AGGRESSIVE;
				GCC_WARN_UNUSED_FUNCTION = YES;
				GCC_WARN_UNUSED_VARIABLE = YES;
				IPHONEOS_DEPLOYMENT_TARGET = 10.2;
				MTL_ENABLE_DEBUG_INFO = NO;
				SDKROOT = iphoneos;
				SWIFT_OPTIMIZATION_LEVEL = "-Owholemodule";
				TARGETED_DEVICE_FAMILY = "1,2";
				VALIDATE_PRODUCT = YES;
			};
			name = Release;
		};
		6A2648BA1E92BC82008981E9 /* Debug */ = {
			isa = XCBuildConfiguration;
			baseConfigurationReference = F167ACC4DA9473FA92041CCA /* Pods-WSUV-Twitter.debug.xcconfig */;
			buildSettings = {
				ASSETCATALOG_COMPILER_APPICON_NAME = AppIcon;
				CLANG_ENABLE_MODULES = YES;
				INFOPLIST_FILE = "WSUV-Twitter/Info.plist";
				LD_RUNPATH_SEARCH_PATHS = "$(inherited) @executable_path/Frameworks";
				PRODUCT_BUNDLE_IDENTIFIER = "edu.wsu.vancouver.WSUV-Twitter";
				PRODUCT_NAME = "$(TARGET_NAME)";
				SWIFT_OBJC_BRIDGING_HEADER = "WSUV-Twitter/WSUV-Twitter-Bridging-Header.h";
				SWIFT_OPTIMIZATION_LEVEL = "-Onone";
				SWIFT_VERSION = 3.0;
			};
			name = Debug;
		};
		6A2648BB1E92BC82008981E9 /* Release */ = {
			isa = XCBuildConfiguration;
			baseConfigurationReference = F2BCFC042A80C37F15213A62 /* Pods-WSUV-Twitter.release.xcconfig */;
			buildSettings = {
				ASSETCATALOG_COMPILER_APPICON_NAME = AppIcon;
				CLANG_ENABLE_MODULES = YES;
				INFOPLIST_FILE = "WSUV-Twitter/Info.plist";
				LD_RUNPATH_SEARCH_PATHS = "$(inherited) @executable_path/Frameworks";
				PRODUCT_BUNDLE_IDENTIFIER = "edu.wsu.vancouver.WSUV-Twitter";
				PRODUCT_NAME = "$(TARGET_NAME)";
				SWIFT_OBJC_BRIDGING_HEADER = "WSUV-Twitter/WSUV-Twitter-Bridging-Header.h";
				SWIFT_VERSION = 3.0;
			};
			name = Release;
		};
		6A2648BD1E92BC82008981E9 /* Debug */ = {
			isa = XCBuildConfiguration;
			baseConfigurationReference = 85BF3042C24244E340A4B135 /* Pods-WSUV-TwitterTests.debug.xcconfig */;
			buildSettings = {
				ALWAYS_EMBED_SWIFT_STANDARD_LIBRARIES = YES;
				BUNDLE_LOADER = "$(TEST_HOST)";
				INFOPLIST_FILE = "WSUV-TwitterTests/Info.plist";
				LD_RUNPATH_SEARCH_PATHS = "$(inherited) @executable_path/Frameworks @loader_path/Frameworks";
				PRODUCT_BUNDLE_IDENTIFIER = "edu.wsu.vancouver.WSUV-TwitterTests";
				PRODUCT_NAME = "$(TARGET_NAME)";
				SWIFT_VERSION = 3.0;
				TEST_HOST = "$(BUILT_PRODUCTS_DIR)/WSUV-Twitter.app/WSUV-Twitter";
			};
			name = Debug;
		};
		6A2648BE1E92BC82008981E9 /* Release */ = {
			isa = XCBuildConfiguration;
			baseConfigurationReference = D04F7BB7A6DDA51F9752E522 /* Pods-WSUV-TwitterTests.release.xcconfig */;
			buildSettings = {
				ALWAYS_EMBED_SWIFT_STANDARD_LIBRARIES = YES;
				BUNDLE_LOADER = "$(TEST_HOST)";
				INFOPLIST_FILE = "WSUV-TwitterTests/Info.plist";
				LD_RUNPATH_SEARCH_PATHS = "$(inherited) @executable_path/Frameworks @loader_path/Frameworks";
				PRODUCT_BUNDLE_IDENTIFIER = "edu.wsu.vancouver.WSUV-TwitterTests";
				PRODUCT_NAME = "$(TARGET_NAME)";
				SWIFT_VERSION = 3.0;
				TEST_HOST = "$(BUILT_PRODUCTS_DIR)/WSUV-Twitter.app/WSUV-Twitter";
			};
			name = Release;
		};
		6A2648C01E92BC82008981E9 /* Debug */ = {
			isa = XCBuildConfiguration;
			baseConfigurationReference = A6944A2CA60991A5BE8EB8B1 /* Pods-WSUV-TwitterUITests.debug.xcconfig */;
			buildSettings = {
				ALWAYS_EMBED_SWIFT_STANDARD_LIBRARIES = YES;
				INFOPLIST_FILE = "WSUV-TwitterUITests/Info.plist";
				LD_RUNPATH_SEARCH_PATHS = "$(inherited) @executable_path/Frameworks @loader_path/Frameworks";
				PRODUCT_BUNDLE_IDENTIFIER = "edu.wsu.vancouver.WSUV-TwitterUITests";
				PRODUCT_NAME = "$(TARGET_NAME)";
				SWIFT_VERSION = 3.0;
				TEST_TARGET_NAME = "WSUV-Twitter";
			};
			name = Debug;
		};
		6A2648C11E92BC82008981E9 /* Release */ = {
			isa = XCBuildConfiguration;
			baseConfigurationReference = 6AAA830A344E12F270AC1347 /* Pods-WSUV-TwitterUITests.release.xcconfig */;
			buildSettings = {
				ALWAYS_EMBED_SWIFT_STANDARD_LIBRARIES = YES;
				INFOPLIST_FILE = "WSUV-TwitterUITests/Info.plist";
				LD_RUNPATH_SEARCH_PATHS = "$(inherited) @executable_path/Frameworks @loader_path/Frameworks";
				PRODUCT_BUNDLE_IDENTIFIER = "edu.wsu.vancouver.WSUV-TwitterUITests";
				PRODUCT_NAME = "$(TARGET_NAME)";
				SWIFT_VERSION = 3.0;
				TEST_TARGET_NAME = "WSUV-Twitter";
			};
			name = Release;
		};
/* End XCBuildConfiguration section */

/* Begin XCConfigurationList section */
		6A26488C1E92BC82008981E9 /* Build configuration list for PBXProject "WSUV-Twitter" */ = {
			isa = XCConfigurationList;
			buildConfigurations = (
				6A2648B71E92BC82008981E9 /* Debug */,
				6A2648B81E92BC82008981E9 /* Release */,
			);
			defaultConfigurationIsVisible = 0;
			defaultConfigurationName = Release;
		};
		6A2648B91E92BC82008981E9 /* Build configuration list for PBXNativeTarget "WSUV-Twitter" */ = {
			isa = XCConfigurationList;
			buildConfigurations = (
				6A2648BA1E92BC82008981E9 /* Debug */,
				6A2648BB1E92BC82008981E9 /* Release */,
			);
			defaultConfigurationIsVisible = 0;
			defaultConfigurationName = Release;
		};
		6A2648BC1E92BC82008981E9 /* Build configuration list for PBXNativeTarget "WSUV-TwitterTests" */ = {
			isa = XCConfigurationList;
			buildConfigurations = (
				6A2648BD1E92BC82008981E9 /* Debug */,
				6A2648BE1E92BC82008981E9 /* Release */,
			);
			defaultConfigurationIsVisible = 0;
			defaultConfigurationName = Release;
		};
		6A2648BF1E92BC82008981E9 /* Build configuration list for PBXNativeTarget "WSUV-TwitterUITests" */ = {
			isa = XCConfigurationList;
			buildConfigurations = (
				6A2648C01E92BC82008981E9 /* Debug */,
				6A2648C11E92BC82008981E9 /* Release */,
			);
			defaultConfigurationIsVisible = 0;
			defaultConfigurationName = Release;
		};
/* End XCConfigurationList section */
	};
	rootObject = 6A2648891E92BC82008981E9 /* Project object */;
}
